
Microsoft Visual Studio Solution File, Format Version 12.00
# Visual Studio Version 16
VisualStudioVersion = 16.0.30907.101
MinimumVisualStudioVersion = 10.0.40219.1
Project("{FAE04EC0-301F-11D3-BF4B-00C04F79EFBC}") = "ex4", "ex4.csproj", "{BBBE64DD-082B-451B-9795-956717248580}"
EndProject
Global
	GlobalSection(SolutionConfigurationPlatforms) = preSolution
		Debug|Any CPU = Debug|Any CPU
		Release|Any CPU = Release|Any CPU
	EndGlobalSection
	GlobalSection(ProjectConfigurationPlatforms) = postSolution
		{BBBE64DD-082B-451B-9795-956717248580}.Debug|Any CPU.ActiveCfg = Debug|Any CPU
		{BBBE64DD-082B-451B-9795-956717248580}.Debug|Any CPU.Build.0 = Debug|Any CPU
		{BBBE64DD-082B-451B-9795-956717248580}.Release|Any CPU.ActiveCfg = Release|Any CPU
		{BBBE64DD-082B-451B-9795-956717248580}.Release|Any CPU.Build.0 = Release|Any CPU
	EndGlobalSection
	GlobalSection(SolutionProperties) = preSolution
		HideSolutionNode = FALSE
	EndGlobalSection
	GlobalSection(ExtensibilityGlobals) = postSolution
		SolutionGuid = {E4020F09-ABC8-4632-9D40-926E8307F2AF}
	EndGlobalSection
EndGlobal
