
Microsoft Visual Studio Solution File, Format Version 12.00
# Visual Studio Version 16
VisualStudioVersion = 16.0.30907.101
MinimumVisualStudioVersion = 10.0.40219.1
Project("{FAE04EC0-301F-11D3-BF4B-00C04F79EFBC}") = "ex3", "ex3.csproj", "{2EACA152-8EBA-46D3-BAFD-CF46202BBEE9}"
EndProject
Global
	GlobalSection(SolutionConfigurationPlatforms) = preSolution
		Debug|Any CPU = Debug|Any CPU
		Release|Any CPU = Release|Any CPU
	EndGlobalSection
	GlobalSection(ProjectConfigurationPlatforms) = postSolution
		{2EACA152-8EBA-46D3-BAFD-CF46202BBEE9}.Debug|Any CPU.ActiveCfg = Debug|Any CPU
		{2EACA152-8EBA-46D3-BAFD-CF46202BBEE9}.Debug|Any CPU.Build.0 = Debug|Any CPU
		{2EACA152-8EBA-46D3-BAFD-CF46202BBEE9}.Release|Any CPU.ActiveCfg = Release|Any CPU
		{2EACA152-8EBA-46D3-BAFD-CF46202BBEE9}.Release|Any CPU.Build.0 = Release|Any CPU
	EndGlobalSection
	GlobalSection(SolutionProperties) = preSolution
		HideSolutionNode = FALSE
	EndGlobalSection
	GlobalSection(ExtensibilityGlobals) = postSolution
		SolutionGuid = {2B9DB14B-BFBA-43A8-9B9A-D1C17B5F87FE}
	EndGlobalSection
EndGlobal
