
Microsoft Visual Studio Solution File, Format Version 12.00
# Visual Studio Version 16
VisualStudioVersion = 16.0.30907.101
MinimumVisualStudioVersion = 10.0.40219.1
Project("{FAE04EC0-301F-11D3-BF4B-00C04F79EFBC}") = "WindowsFormsApp1", "WindowsFormsApp1.csproj", "{75A6C8D5-9D3A-4F24-ABA5-0F0D33881119}"
EndProject
Global
	GlobalSection(SolutionConfigurationPlatforms) = preSolution
		Debug|Any CPU = Debug|Any CPU
		Release|Any CPU = Release|Any CPU
	EndGlobalSection
	GlobalSection(ProjectConfigurationPlatforms) = postSolution
		{75A6C8D5-9D3A-4F24-ABA5-0F0D33881119}.Debug|Any CPU.ActiveCfg = Debug|Any CPU
		{75A6C8D5-9D3A-4F24-ABA5-0F0D33881119}.Debug|Any CPU.Build.0 = Debug|Any CPU
		{75A6C8D5-9D3A-4F24-ABA5-0F0D33881119}.Release|Any CPU.ActiveCfg = Release|Any CPU
		{75A6C8D5-9D3A-4F24-ABA5-0F0D33881119}.Release|Any CPU.Build.0 = Release|Any CPU
	EndGlobalSection
	GlobalSection(SolutionProperties) = preSolution
		HideSolutionNode = FALSE
	EndGlobalSection
	GlobalSection(ExtensibilityGlobals) = postSolution
		SolutionGuid = {57E37A73-0315-4EC8-9D86-D65A2DA80A9B}
	EndGlobalSection
EndGlobal
