
Microsoft Visual Studio Solution File, Format Version 12.00
# Visual Studio Version 16
VisualStudioVersion = 16.0.30907.101
MinimumVisualStudioVersion = 10.0.40219.1
Project("{FAE04EC0-301F-11D3-BF4B-00C04F79EFBC}") = "ex3", "ex3.csproj", "{E6E73A90-B120-40FF-8CF2-6F53831B6A7C}"
EndProject
Global
	GlobalSection(SolutionConfigurationPlatforms) = preSolution
		Debug|Any CPU = Debug|Any CPU
		Release|Any CPU = Release|Any CPU
	EndGlobalSection
	GlobalSection(ProjectConfigurationPlatforms) = postSolution
		{E6E73A90-B120-40FF-8CF2-6F53831B6A7C}.Debug|Any CPU.ActiveCfg = Debug|Any CPU
		{E6E73A90-B120-40FF-8CF2-6F53831B6A7C}.Debug|Any CPU.Build.0 = Debug|Any CPU
		{E6E73A90-B120-40FF-8CF2-6F53831B6A7C}.Release|Any CPU.ActiveCfg = Release|Any CPU
		{E6E73A90-B120-40FF-8CF2-6F53831B6A7C}.Release|Any CPU.Build.0 = Release|Any CPU
	EndGlobalSection
	GlobalSection(SolutionProperties) = preSolution
		HideSolutionNode = FALSE
	EndGlobalSection
	GlobalSection(ExtensibilityGlobals) = postSolution
		SolutionGuid = {9899E4AB-FB76-4E46-8F24-01D3F5B37AEE}
	EndGlobalSection
EndGlobal
