
Microsoft Visual Studio Solution File, Format Version 12.00
# Visual Studio Version 16
VisualStudioVersion = 16.0.30907.101
MinimumVisualStudioVersion = 10.0.40219.1
Project("{FAE04EC0-301F-11D3-BF4B-00C04F79EFBC}") = "ex3", "ex3.csproj", "{929CE20A-5FE2-4226-84EC-60568DC8D85D}"
EndProject
Global
	GlobalSection(SolutionConfigurationPlatforms) = preSolution
		Debug|Any CPU = Debug|Any CPU
		Release|Any CPU = Release|Any CPU
	EndGlobalSection
	GlobalSection(ProjectConfigurationPlatforms) = postSolution
		{929CE20A-5FE2-4226-84EC-60568DC8D85D}.Debug|Any CPU.ActiveCfg = Debug|Any CPU
		{929CE20A-5FE2-4226-84EC-60568DC8D85D}.Debug|Any CPU.Build.0 = Debug|Any CPU
		{929CE20A-5FE2-4226-84EC-60568DC8D85D}.Release|Any CPU.ActiveCfg = Release|Any CPU
		{929CE20A-5FE2-4226-84EC-60568DC8D85D}.Release|Any CPU.Build.0 = Release|Any CPU
	EndGlobalSection
	GlobalSection(SolutionProperties) = preSolution
		HideSolutionNode = FALSE
	EndGlobalSection
	GlobalSection(ExtensibilityGlobals) = postSolution
		SolutionGuid = {B857B098-3F92-4272-A650-D9C62530F2FC}
	EndGlobalSection
EndGlobal
